
Microsoft Visual Studio Solution File, Format Version 12.00
# Visual Studio Version 16
VisualStudioVersion = 16.0.28917.181
MinimumVisualStudioVersion = 10.0.40219.1
Project("{9A19103F-16F7-4668-BE54-9A1E7A4F7556}") = "Keda.Samples.Dotnet.OrderProcessor", "Keda.Samples.Dotnet.OrderProcessor\Keda.Samples.Dotnet.OrderProcessor.csproj", "{FF49EDEA-8A38-4861-845E-2689CB8C3F12}"
EndProject
Project("{9A19103F-16F7-4668-BE54-9A1E7A4F7556}") = "Keda.Samples.Dotnet.OrderGenerator", "Keda.Samples.Dotnet.OrderGenerator\Keda.Samples.Dotnet.OrderGenerator.csproj", "{8525AEE5-8128-4868-91BF-72999A9E48FB}"
EndProject
Project("{9A19103F-16F7-4668-BE54-9A1E7A4F7556}") = "Keda.Samples.Dotnet.Contracts", "Keda.Samples.Dotnet.Contracts\Keda.Samples.Dotnet.Contracts.csproj", "{EF628766-13C4-4CB9-B17E-1F975DA6E016}"
EndProject
Project("{9A19103F-16F7-4668-BE54-9A1E7A4F7556}") = "Keda.Samples.DotNet.Web", "Keda.Samples.DotNet.Web\Keda.Samples.DotNet.Web.csproj", "{F6DADE6A-F33F-47B0-9D42-707D49431AC2}"
EndProject
Project("{E53339B2-1760-4266-BCC7-CA923CBCF16C}") = "Keda.Samples.Docker", "Keda.Samples.Docker.dcproj", "{B74F58D6-EB10-4116-8845-7455B83145E3}"
EndProject
Global
	GlobalSection(SolutionConfigurationPlatforms) = preSolution
		Debug|Any CPU = Debug|Any CPU
		Release|Any CPU = Release|Any CPU
	EndGlobalSection
	GlobalSection(ProjectConfigurationPlatforms) = postSolution
		{FF49EDEA-8A38-4861-845E-2689CB8C3F12}.Debug|Any CPU.ActiveCfg = Debug|Any CPU
		{FF49EDEA-8A38-4861-845E-2689CB8C3F12}.Debug|Any CPU.Build.0 = Debug|Any CPU
		{FF49EDEA-8A38-4861-845E-2689CB8C3F12}.Release|Any CPU.ActiveCfg = Release|Any CPU
		{FF49EDEA-8A38-4861-845E-2689CB8C3F12}.Release|Any CPU.Build.0 = Release|Any CPU
		{8525AEE5-8128-4868-91BF-72999A9E48FB}.Debug|Any CPU.ActiveCfg = Debug|Any CPU
		{8525AEE5-8128-4868-91BF-72999A9E48FB}.Debug|Any CPU.Build.0 = Debug|Any CPU
		{8525AEE5-8128-4868-91BF-72999A9E48FB}.Release|Any CPU.ActiveCfg = Release|Any CPU
		{8525AEE5-8128-4868-91BF-72999A9E48FB}.Release|Any CPU.Build.0 = Release|Any CPU
		{EF628766-13C4-4CB9-B17E-1F975DA6E016}.Debug|Any CPU.ActiveCfg = Debug|Any CPU
		{EF628766-13C4-4CB9-B17E-1F975DA6E016}.Debug|Any CPU.Build.0 = Debug|Any CPU
		{EF628766-13C4-4CB9-B17E-1F975DA6E016}.Release|Any CPU.ActiveCfg = Release|Any CPU
		{EF628766-13C4-4CB9-B17E-1F975DA6E016}.Release|Any CPU.Build.0 = Release|Any CPU
		{F6DADE6A-F33F-47B0-9D42-707D49431AC2}.Debug|Any CPU.ActiveCfg = Debug|Any CPU
		{F6DADE6A-F33F-47B0-9D42-707D49431AC2}.Debug|Any CPU.Build.0 = Debug|Any CPU
		{F6DADE6A-F33F-47B0-9D42-707D49431AC2}.Release|Any CPU.ActiveCfg = Release|Any CPU
		{F6DADE6A-F33F-47B0-9D42-707D49431AC2}.Release|Any CPU.Build.0 = Release|Any CPU
		{B74F58D6-EB10-4116-8845-7455B83145E3}.Debug|Any CPU.ActiveCfg = Debug|Any CPU
		{B74F58D6-EB10-4116-8845-7455B83145E3}.Debug|Any CPU.Build.0 = Debug|Any CPU
		{B74F58D6-EB10-4116-8845-7455B83145E3}.Release|Any CPU.ActiveCfg = Release|Any CPU
		{B74F58D6-EB10-4116-8845-7455B83145E3}.Release|Any CPU.Build.0 = Release|Any CPU
	EndGlobalSection
	GlobalSection(SolutionProperties) = preSolution
		HideSolutionNode = FALSE
	EndGlobalSection
	GlobalSection(ExtensibilityGlobals) = postSolution
		SolutionGuid = {CEE85163-C9CD-441E-BDBA-9E1973C20DCF}
	EndGlobalSection
EndGlobal
